{
  "nodes": {
    "flake-utils": {
      "inputs": {
        "systems": "systems"
      },
      "locked": {
        "lastModified": 1731533236,
        "narHash": "sha256-l0KFg5HjrsfsO/JpG+r7fRrqm12kzFHyUHqHCVpMMbI=",
        "owner": "numtide",
        "repo": "flake-utils",
        "rev": "11707dc2f618dd54ca8739b309ec4fc024de578b",
        "type": "github"
      },
      "original": {
        "owner": "numtide",
        "repo": "flake-utils",
        "type": "github"
      }
    },
    "home-manager": {
      "inputs": {
        "nixpkgs": [
          "nixpkgs"
        ]
      },
      "locked": {
        "lastModified": 1790989254,
        "narHash": "sha256-ZN+riaeFuE+DZ5zfqJiXlM12jLwZzeIXiNkU1YeHMXI=",
        "owner": "nix-community",
        "repo": "home-manager",
        "rev": "acd21c5a3420a9d5fd0ed06299b10828267ef9ba",
        "type": "github"
      },
      "original": {
        "owner": "nix-community",
        "repo": "home-manager",
        "type": "github"
      }
    },
    "nix-index-database": {
      "inputs": {
        "nixpkgs": [
          "nixpkgs"
        ]
      },
      "locked": {
        "lastModified": 1790499302,
        "narHash": "sha256-Gbf/U9ptJhQh0qnDnJ/+a8MAcq1HXunbArUTHR2wNYk=",
        "owner": "nix-community",
        "repo": "nix-index-database",
        "rev": "161d7c91accd93034bb3c295224d9d895a778573",
        "type": "github"
      },
      "original": {
        "owner": "nix-community",
        "repo": "nix-index-database",
        "type": "github"
      }
    },
    "nixpkgs": {
      "locked": {
        "lastModified": 1790822859,
        "narHash": "sha256-69xHQhAeMAD2wDXO7T2pcOZIF9Sga2W+JkmY2a11Ops=",
        "owner": "nixos",
        "repo": "nixpkgs",
        "rev": "c59305bab2065cfecc4944690d9eedbb56f3a9fa",
        "type": "github"
      },
      "original": {
        "owner": "nixos",
        "ref": "nixos-unstable",
        "repo": "nixpkgs",
        "type": "github"
      }
    },
    "nixpkgs-orca": {
      "locked": {
        "lastModified": 1772186193,
        "narHash": "sha256-D5tSxP5x7SDj/jsnQii5FzrRd5wep8H2inxz7gDokZs=",
        "owner": "nixos",
        "repo": "nixpkgs",
        "rev": "62efab0dada7d38f14f7147bdd6c350780e9af10",
        "type": "github"
      },
      "original": {
        "owner": "nixos",
        "repo": "nixpkgs",
        "rev": "62efab0dada7d38f14f7147bdd6c350780e9af10",
        "type": "github"
      }
    },
    "nub": {
      "inputs": {
        "nixpkgs": [
          "nixpkgs"
        ]
      },
      "locked": {
        "lastModified": 1790904237,
        "narHash": "sha256-egh0vgQKfccN71cGlNXEQdulVFDDr8F7T9voaYLZX0Y=",
        "owner": "nubjs",
        "repo": "nub",
        "rev": "cd539b9d5e59c12c83b7ca1fb1ff7400be69347c",
        "type": "github"
      },
      "original": {
        "owner": "nubjs",
        "repo": "nub",
        "type": "github"
      }
    },
    "quickshell": {
      "inputs": {
        "nixpkgs": [
          "nixpkgs"
        ]
      },
      "locked": {
        "lastModified": 1787279335,
        "narHash": "sha256-CLX2Zp5i5BuLbOxNOkwRd9YY84IOrACNxBV79o9/F9Y=",
        "ref": "refs/tags/v0.3.1",
        "rev": "1a4716cde794a59928d9d9fc15f2afc7a95de360",
        "revCount": 846,
        "type": "git",
        "url": "https://git.outfoxxed.me/outfoxxed/quickshell"
      },
      "original": {
        "ref": "refs/tags/v0.3.1",
        "type": "git",
        "url": "https://git.outfoxxed.me/outfoxxed/quickshell"
      }
    },
    "root": {
      "inputs": {
        "home-manager": "home-manager",
        "nix-index-database": "nix-index-database",
        "nixpkgs": "nixpkgs",
        "nixpkgs-orca": "nixpkgs-orca",
        "nub": "nub",
        "quickshell": "quickshell",
        "voxtype": "voxtype"
      }
    },
    "systems": {
      "locked": {
        "lastModified": 1681028828,
        "narHash": "sha256-Vy1rq5AaRuLzOxct8nz4T6wlgyUR7zLU309k9mBC768=",
        "owner": "nix-systems",
        "repo": "default",
        "rev": "da67096a3b9bf56a91d16901293e51ba5b49a27e",
        "type": "github"
      },
      "original": {
        "owner": "nix-systems",
        "repo": "default",
        "type": "github"
      }
    },
    "voxtype": {
      "inputs": {
        "flake-utils": "flake-utils",
        "nixpkgs": [
          "nixpkgs"
        ]
      },
      "locked": {
        "lastModified": 1788215696,
        "narHash": "sha256-OT0tVSi9x3U7NwgZU00mojXk3RRWxuFoezpdSknLmmU=",
        "owner": "peteonrails",
        "repo": "voxtype",
        "rev": "dda37ca72b71294d08b0c5bb49c5b24ca590d847",
        "type": "github"
      },
      "original": {
        "owner": "peteonrails",
        "ref": "v1.0.1",
        "repo": "voxtype",
        "type": "github"
      }
    }
  },
  "root": "root",
  "version": 7
}
